
Microsoft Visual Studio Solution File, Format Version 12.00
# Visual Studio 2013
VisualStudioVersion = 12.0.21005.1
MinimumVisualStudioVersion = 10.0.40219.1
Project("{FAE04EC0-301F-11D3-BF4B-00C04F79EFBC}") = "WebApi2Book.Common", "WebApi2Book.Common\WebApi2Book.Common.csproj", "{B1071C2D-6D0E-4469-871C-F1CAF3BD4CB6}"
EndProject
Project("{FAE04EC0-301F-11D3-BF4B-00C04F79EFBC}") = "WebApi2Book.Data", "WebApi2Book.Data\WebApi2Book.Data.csproj", "{A5CD3556-9447-46E4-BC35-42A60950E098}"
EndProject
Project("{FAE04EC0-301F-11D3-BF4B-00C04F79EFBC}") = "WebApi2Book.Data.SqlServer", "WebApi2Book.Data.SqlServer\WebApi2Book.Data.SqlServer.csproj", "{003B1556-6208-444E-AD6C-354A1631538F}"
EndProject
Project("{FAE04EC0-301F-11D3-BF4B-00C04F79EFBC}") = "WebApi2Book.Web.Api.Models", "WebApi2Book.Web.Api.Models\WebApi2Book.Web.Api.Models.csproj", "{0EDCFF41-7505-466D-9A91-C8317C1D4C9C}"
EndProject
Project("{FAE04EC0-301F-11D3-BF4B-00C04F79EFBC}") = "WebApi2Book.Web.Common", "WebApi2Book.Web.Common\WebApi2Book.Web.Common.csproj", "{FD7AE955-F1DC-4E11-B67D-E3584CFBD655}"
EndProject
Project("{FAE04EC0-301F-11D3-BF4B-00C04F79EFBC}") = "WebApi2Book.Web.Api", "WebApi2Book.Web.Api\WebApi2Book.Web.Api.csproj", "{897643C7-A905-4129-A8C5-E0FE28D4E5BB}"
EndProject
Project("{00D1A9C2-B5F0-4AF3-8072-F6C62B433612}") = "WebApi2BookDb", "WebApi2BookDb\WebApi2BookDb.sqlproj", "{9098D46D-CD16-48FC-9B61-5B6CCC4A18C4}"
EndProject
Project("{2150E333-8FDC-42A3-9474-1A3956D46DE8}") = "Tests", "Tests", "{7D30DD44-F962-4746-8C31-1404038ED3DD}"
EndProject
Project("{FAE04EC0-301F-11D3-BF4B-00C04F79EFBC}") = "WebApi2Book.Common.Tests", "WebApi2Book.Common.Tests\WebApi2Book.Common.Tests.csproj", "{89FC975F-29ED-4DC1-AC29-A77D67DA5D15}"
EndProject
Project("{FAE04EC0-301F-11D3-BF4B-00C04F79EFBC}") = "WebApi2Book.Data.SqlServer.IntegrationTests", "WebApi2Book.Data.SqlServer.IntegrationTests\WebApi2Book.Data.SqlServer.IntegrationTests.csproj", "{ADCF51D9-3CD1-4311-8E3E-038B30FC463E}"
EndProject
Project("{FAE04EC0-301F-11D3-BF4B-00C04F79EFBC}") = "WebApi2Book.Data.Tests", "WebApi2Book.Data.Tests\WebApi2Book.Data.Tests.csproj", "{AA454A50-0CC2-4189-84C5-4ECBD31A57EB}"
EndProject
Project("{FAE04EC0-301F-11D3-BF4B-00C04F79EFBC}") = "WebApi2Book.Web.Api.IntegrationTests", "WebApi2Book.Web.Api.IntegrationTests\WebApi2Book.Web.Api.IntegrationTests.csproj", "{07708329-B6D4-460C-80B0-3203F008E78B}"
EndProject
Project("{FAE04EC0-301F-11D3-BF4B-00C04F79EFBC}") = "WebApi2Book.Web.Api.Tests", "WebApi2Book.Web.Api.Tests\WebApi2Book.Web.Api.Tests.csproj", "{2F643873-ED95-4D70-AE8B-65F971EA14FB}"
EndProject
Project("{FAE04EC0-301F-11D3-BF4B-00C04F79EFBC}") = "WebApi2Book.Web.Common.Tests", "WebApi2Book.Web.Common.Tests\WebApi2Book.Web.Common.Tests.csproj", "{26C34855-CD1B-4ED8-9F4D-23E8A3719AFD}"
EndProject
Project("{FAE04EC0-301F-11D3-BF4B-00C04F79EFBC}") = "CreateJwt", "CreateJwt\CreateJwt.csproj", "{C1579636-C4BF-4094-816B-437D6149C4E1}"
EndProject
Global
	GlobalSection(SolutionConfigurationPlatforms) = preSolution
		Debug|Any CPU = Debug|Any CPU
		Release|Any CPU = Release|Any CPU
	EndGlobalSection
	GlobalSection(ProjectConfigurationPlatforms) = postSolution
		{B1071C2D-6D0E-4469-871C-F1CAF3BD4CB6}.Debug|Any CPU.ActiveCfg = Debug|Any CPU
		{B1071C2D-6D0E-4469-871C-F1CAF3BD4CB6}.Debug|Any CPU.Build.0 = Debug|Any CPU
		{B1071C2D-6D0E-4469-871C-F1CAF3BD4CB6}.Release|Any CPU.ActiveCfg = Release|Any CPU
		{B1071C2D-6D0E-4469-871C-F1CAF3BD4CB6}.Release|Any CPU.Build.0 = Release|Any CPU
		{A5CD3556-9447-46E4-BC35-42A60950E098}.Debug|Any CPU.ActiveCfg = Debug|Any CPU
		{A5CD3556-9447-46E4-BC35-42A60950E098}.Debug|Any CPU.Build.0 = Debug|Any CPU
		{A5CD3556-9447-46E4-BC35-42A60950E098}.Release|Any CPU.ActiveCfg = Release|Any CPU
		{A5CD3556-9447-46E4-BC35-42A60950E098}.Release|Any CPU.Build.0 = Release|Any CPU
		{003B1556-6208-444E-AD6C-354A1631538F}.Debug|Any CPU.ActiveCfg = Debug|Any CPU
		{003B1556-6208-444E-AD6C-354A1631538F}.Debug|Any CPU.Build.0 = Debug|Any CPU
		{003B1556-6208-444E-AD6C-354A1631538F}.Release|Any CPU.ActiveCfg = Release|Any CPU
		{003B1556-6208-444E-AD6C-354A1631538F}.Release|Any CPU.Build.0 = Release|Any CPU
		{0EDCFF41-7505-466D-9A91-C8317C1D4C9C}.Debug|Any CPU.ActiveCfg = Debug|Any CPU
		{0EDCFF41-7505-466D-9A91-C8317C1D4C9C}.Debug|Any CPU.Build.0 = Debug|Any CPU
		{0EDCFF41-7505-466D-9A91-C8317C1D4C9C}.Release|Any CPU.ActiveCfg = Release|Any CPU
		{0EDCFF41-7505-466D-9A91-C8317C1D4C9C}.Release|Any CPU.Build.0 = Release|Any CPU
		{FD7AE955-F1DC-4E11-B67D-E3584CFBD655}.Debug|Any CPU.ActiveCfg = Debug|Any CPU
		{FD7AE955-F1DC-4E11-B67D-E3584CFBD655}.Debug|Any CPU.Build.0 = Debug|Any CPU
		{FD7AE955-F1DC-4E11-B67D-E3584CFBD655}.Release|Any CPU.ActiveCfg = Release|Any CPU
		{FD7AE955-F1DC-4E11-B67D-E3584CFBD655}.Release|Any CPU.Build.0 = Release|Any CPU
		{897643C7-A905-4129-A8C5-E0FE28D4E5BB}.Debug|Any CPU.ActiveCfg = Debug|Any CPU
		{897643C7-A905-4129-A8C5-E0FE28D4E5BB}.Debug|Any CPU.Build.0 = Debug|Any CPU
		{897643C7-A905-4129-A8C5-E0FE28D4E5BB}.Release|Any CPU.ActiveCfg = Release|Any CPU
		{897643C7-A905-4129-A8C5-E0FE28D4E5BB}.Release|Any CPU.Build.0 = Release|Any CPU
		{9098D46D-CD16-48FC-9B61-5B6CCC4A18C4}.Debug|Any CPU.ActiveCfg = Debug|Any CPU
		{9098D46D-CD16-48FC-9B61-5B6CCC4A18C4}.Debug|Any CPU.Build.0 = Debug|Any CPU
		{9098D46D-CD16-48FC-9B61-5B6CCC4A18C4}.Debug|Any CPU.Deploy.0 = Debug|Any CPU
		{9098D46D-CD16-48FC-9B61-5B6CCC4A18C4}.Release|Any CPU.ActiveCfg = Release|Any CPU
		{9098D46D-CD16-48FC-9B61-5B6CCC4A18C4}.Release|Any CPU.Build.0 = Release|Any CPU
		{9098D46D-CD16-48FC-9B61-5B6CCC4A18C4}.Release|Any CPU.Deploy.0 = Release|Any CPU
		{89FC975F-29ED-4DC1-AC29-A77D67DA5D15}.Debug|Any CPU.ActiveCfg = Debug|Any CPU
		{89FC975F-29ED-4DC1-AC29-A77D67DA5D15}.Debug|Any CPU.Build.0 = Debug|Any CPU
		{89FC975F-29ED-4DC1-AC29-A77D67DA5D15}.Release|Any CPU.ActiveCfg = Release|Any CPU
		{89FC975F-29ED-4DC1-AC29-A77D67DA5D15}.Release|Any CPU.Build.0 = Release|Any CPU
		{ADCF51D9-3CD1-4311-8E3E-038B30FC463E}.Debug|Any CPU.ActiveCfg = Debug|Any CPU
		{ADCF51D9-3CD1-4311-8E3E-038B30FC463E}.Debug|Any CPU.Build.0 = Debug|Any CPU
		{ADCF51D9-3CD1-4311-8E3E-038B30FC463E}.Release|Any CPU.ActiveCfg = Release|Any CPU
		{ADCF51D9-3CD1-4311-8E3E-038B30FC463E}.Release|Any CPU.Build.0 = Release|Any CPU
		{AA454A50-0CC2-4189-84C5-4ECBD31A57EB}.Debug|Any CPU.ActiveCfg = Debug|Any CPU
		{AA454A50-0CC2-4189-84C5-4ECBD31A57EB}.Debug|Any CPU.Build.0 = Debug|Any CPU
		{AA454A50-0CC2-4189-84C5-4ECBD31A57EB}.Release|Any CPU.ActiveCfg = Release|Any CPU
		{AA454A50-0CC2-4189-84C5-4ECBD31A57EB}.Release|Any CPU.Build.0 = Release|Any CPU
		{07708329-B6D4-460C-80B0-3203F008E78B}.Debug|Any CPU.ActiveCfg = Debug|Any CPU
		{07708329-B6D4-460C-80B0-3203F008E78B}.Debug|Any CPU.Build.0 = Debug|Any CPU
		{07708329-B6D4-460C-80B0-3203F008E78B}.Release|Any CPU.ActiveCfg = Release|Any CPU
		{07708329-B6D4-460C-80B0-3203F008E78B}.Release|Any CPU.Build.0 = Release|Any CPU
		{2F643873-ED95-4D70-AE8B-65F971EA14FB}.Debug|Any CPU.ActiveCfg = Debug|Any CPU
		{2F643873-ED95-4D70-AE8B-65F971EA14FB}.Debug|Any CPU.Build.0 = Debug|Any CPU
		{2F643873-ED95-4D70-AE8B-65F971EA14FB}.Release|Any CPU.ActiveCfg = Release|Any CPU
		{2F643873-ED95-4D70-AE8B-65F971EA14FB}.Release|Any CPU.Build.0 = Release|Any CPU
		{26C34855-CD1B-4ED8-9F4D-23E8A3719AFD}.Debug|Any CPU.ActiveCfg = Debug|Any CPU
		{26C34855-CD1B-4ED8-9F4D-23E8A3719AFD}.Debug|Any CPU.Build.0 = Debug|Any CPU
		{26C34855-CD1B-4ED8-9F4D-23E8A3719AFD}.Release|Any CPU.ActiveCfg = Release|Any CPU
		{26C34855-CD1B-4ED8-9F4D-23E8A3719AFD}.Release|Any CPU.Build.0 = Release|Any CPU
		{C1579636-C4BF-4094-816B-437D6149C4E1}.Debug|Any CPU.ActiveCfg = Debug|Any CPU
		{C1579636-C4BF-4094-816B-437D6149C4E1}.Debug|Any CPU.Build.0 = Debug|Any CPU
		{C1579636-C4BF-4094-816B-437D6149C4E1}.Release|Any CPU.ActiveCfg = Release|Any CPU
		{C1579636-C4BF-4094-816B-437D6149C4E1}.Release|Any CPU.Build.0 = Release|Any CPU
	EndGlobalSection
	GlobalSection(SolutionProperties) = preSolution
		HideSolutionNode = FALSE
	EndGlobalSection
	GlobalSection(NestedProjects) = preSolution
		{89FC975F-29ED-4DC1-AC29-A77D67DA5D15} = {7D30DD44-F962-4746-8C31-1404038ED3DD}
		{ADCF51D9-3CD1-4311-8E3E-038B30FC463E} = {7D30DD44-F962-4746-8C31-1404038ED3DD}
		{AA454A50-0CC2-4189-84C5-4ECBD31A57EB} = {7D30DD44-F962-4746-8C31-1404038ED3DD}
		{07708329-B6D4-460C-80B0-3203F008E78B} = {7D30DD44-F962-4746-8C31-1404038ED3DD}
		{2F643873-ED95-4D70-AE8B-65F971EA14FB} = {7D30DD44-F962-4746-8C31-1404038ED3DD}
		{26C34855-CD1B-4ED8-9F4D-23E8A3719AFD} = {7D30DD44-F962-4746-8C31-1404038ED3DD}
	EndGlobalSection
EndGlobal
