
Microsoft Visual Studio Solution File, Format Version 12.00
# Visual Studio 2013
VisualStudioVersion = 12.0.30110.0
MinimumVisualStudioVersion = 10.0.40219.1
Project("{FAE04EC0-301F-11D3-BF4B-00C04F79EFBC}") = "WebApi2Book.Common", "WebApi2Book.Common\WebApi2Book.Common.csproj", "{2270EB38-5769-494B-922E-5848A966DFF1}"
EndProject
Project("{FAE04EC0-301F-11D3-BF4B-00C04F79EFBC}") = "WebApi2Book.Data", "WebApi2Book.Data\WebApi2Book.Data.csproj", "{55CC8E3B-7025-44EE-83F8-72A2A019A906}"
EndProject
Project("{FAE04EC0-301F-11D3-BF4B-00C04F79EFBC}") = "WebApi2Book.Data.SqlServer", "WebApi2Book.Data.SqlServer\WebApi2Book.Data.SqlServer.csproj", "{86CB9858-29BB-4240-96DA-F2BBE210E321}"
EndProject
Project("{FAE04EC0-301F-11D3-BF4B-00C04F79EFBC}") = "WebApi2Book.Web.Api.Models", "WebApi2Book.Web.Api.Models\WebApi2Book.Web.Api.Models.csproj", "{32681791-F503-47D6-AF97-362FE36D8049}"
EndProject
Project("{FAE04EC0-301F-11D3-BF4B-00C04F79EFBC}") = "WebApi2Book.Web.Common", "WebApi2Book.Web.Common\WebApi2Book.Web.Common.csproj", "{B1E61AFC-F159-4128-B18C-90EC7028DF25}"
EndProject
Project("{FAE04EC0-301F-11D3-BF4B-00C04F79EFBC}") = "WebApi2Book.Web.Api", "WebApi2Book.Web.Api\WebApi2Book.Web.Api.csproj", "{A0AF2F58-D768-4A97-9CEC-4D1BFDAFD54F}"
EndProject
Project("{00D1A9C2-B5F0-4AF3-8072-F6C62B433612}") = "WebApi2BookDb", "WebApi2BookDb\WebApi2BookDb.sqlproj", "{8D576680-EA3F-41A6-86A1-F0FABB03F918}"
EndProject
Project("{2150E333-8FDC-42A3-9474-1A3956D46DE8}") = "Tests", "Tests", "{5E5274DD-B307-4CBA-BFAB-B0754E5157CB}"
EndProject
Project("{FAE04EC0-301F-11D3-BF4B-00C04F79EFBC}") = "WebApi2Book.Common.Tests", "WebApi2Book.Common.Tests\WebApi2Book.Common.Tests.csproj", "{DC10748D-20D2-4859-8D5E-CC1445EC4E40}"
EndProject
Project("{FAE04EC0-301F-11D3-BF4B-00C04F79EFBC}") = "WebApi2Book.Data.SqlServer.IntegrationTests", "WebApi2Book.Data.SqlServer.IntegrationTests\WebApi2Book.Data.SqlServer.IntegrationTests.csproj", "{ACA36B69-DBA5-4B85-9F1B-91B08E5AD2F1}"
EndProject
Project("{FAE04EC0-301F-11D3-BF4B-00C04F79EFBC}") = "WebApi2Book.Data.Tests", "WebApi2Book.Data.Tests\WebApi2Book.Data.Tests.csproj", "{1C389EF4-FA1C-4CC3-830A-DBE3D1CA8BA0}"
EndProject
Project("{FAE04EC0-301F-11D3-BF4B-00C04F79EFBC}") = "WebApi2Book.Web.Api.IntegrationTests", "WebApi2Book.Web.Api.IntegrationTests\WebApi2Book.Web.Api.IntegrationTests.csproj", "{6A894808-D47B-413A-967A-69D6D08C74CA}"
EndProject
Project("{FAE04EC0-301F-11D3-BF4B-00C04F79EFBC}") = "WebApi2Book.Web.Api.Tests", "WebApi2Book.Web.Api.Tests\WebApi2Book.Web.Api.Tests.csproj", "{25E36FFA-F648-49F3-B3FB-FAAAD42BA428}"
EndProject
Project("{FAE04EC0-301F-11D3-BF4B-00C04F79EFBC}") = "WebApi2Book.Web.Common.Tests", "WebApi2Book.Web.Common.Tests\WebApi2Book.Web.Common.Tests.csproj", "{7BA62FE2-5C33-418E-B8AB-E7D08054C8E1}"
EndProject
Global
	GlobalSection(SolutionConfigurationPlatforms) = preSolution
		Debug|Any CPU = Debug|Any CPU
		Release|Any CPU = Release|Any CPU
	EndGlobalSection
	GlobalSection(ProjectConfigurationPlatforms) = postSolution
		{2270EB38-5769-494B-922E-5848A966DFF1}.Debug|Any CPU.ActiveCfg = Debug|Any CPU
		{2270EB38-5769-494B-922E-5848A966DFF1}.Debug|Any CPU.Build.0 = Debug|Any CPU
		{2270EB38-5769-494B-922E-5848A966DFF1}.Release|Any CPU.ActiveCfg = Release|Any CPU
		{2270EB38-5769-494B-922E-5848A966DFF1}.Release|Any CPU.Build.0 = Release|Any CPU
		{55CC8E3B-7025-44EE-83F8-72A2A019A906}.Debug|Any CPU.ActiveCfg = Debug|Any CPU
		{55CC8E3B-7025-44EE-83F8-72A2A019A906}.Debug|Any CPU.Build.0 = Debug|Any CPU
		{55CC8E3B-7025-44EE-83F8-72A2A019A906}.Release|Any CPU.ActiveCfg = Release|Any CPU
		{55CC8E3B-7025-44EE-83F8-72A2A019A906}.Release|Any CPU.Build.0 = Release|Any CPU
		{86CB9858-29BB-4240-96DA-F2BBE210E321}.Debug|Any CPU.ActiveCfg = Debug|Any CPU
		{86CB9858-29BB-4240-96DA-F2BBE210E321}.Debug|Any CPU.Build.0 = Debug|Any CPU
		{86CB9858-29BB-4240-96DA-F2BBE210E321}.Release|Any CPU.ActiveCfg = Release|Any CPU
		{86CB9858-29BB-4240-96DA-F2BBE210E321}.Release|Any CPU.Build.0 = Release|Any CPU
		{32681791-F503-47D6-AF97-362FE36D8049}.Debug|Any CPU.ActiveCfg = Debug|Any CPU
		{32681791-F503-47D6-AF97-362FE36D8049}.Debug|Any CPU.Build.0 = Debug|Any CPU
		{32681791-F503-47D6-AF97-362FE36D8049}.Release|Any CPU.ActiveCfg = Release|Any CPU
		{32681791-F503-47D6-AF97-362FE36D8049}.Release|Any CPU.Build.0 = Release|Any CPU
		{B1E61AFC-F159-4128-B18C-90EC7028DF25}.Debug|Any CPU.ActiveCfg = Debug|Any CPU
		{B1E61AFC-F159-4128-B18C-90EC7028DF25}.Debug|Any CPU.Build.0 = Debug|Any CPU
		{B1E61AFC-F159-4128-B18C-90EC7028DF25}.Release|Any CPU.ActiveCfg = Release|Any CPU
		{B1E61AFC-F159-4128-B18C-90EC7028DF25}.Release|Any CPU.Build.0 = Release|Any CPU
		{A0AF2F58-D768-4A97-9CEC-4D1BFDAFD54F}.Debug|Any CPU.ActiveCfg = Debug|Any CPU
		{A0AF2F58-D768-4A97-9CEC-4D1BFDAFD54F}.Debug|Any CPU.Build.0 = Debug|Any CPU
		{A0AF2F58-D768-4A97-9CEC-4D1BFDAFD54F}.Release|Any CPU.ActiveCfg = Release|Any CPU
		{A0AF2F58-D768-4A97-9CEC-4D1BFDAFD54F}.Release|Any CPU.Build.0 = Release|Any CPU
		{8D576680-EA3F-41A6-86A1-F0FABB03F918}.Debug|Any CPU.ActiveCfg = Debug|Any CPU
		{8D576680-EA3F-41A6-86A1-F0FABB03F918}.Debug|Any CPU.Build.0 = Debug|Any CPU
		{8D576680-EA3F-41A6-86A1-F0FABB03F918}.Debug|Any CPU.Deploy.0 = Debug|Any CPU
		{8D576680-EA3F-41A6-86A1-F0FABB03F918}.Release|Any CPU.ActiveCfg = Release|Any CPU
		{8D576680-EA3F-41A6-86A1-F0FABB03F918}.Release|Any CPU.Build.0 = Release|Any CPU
		{8D576680-EA3F-41A6-86A1-F0FABB03F918}.Release|Any CPU.Deploy.0 = Release|Any CPU
		{DC10748D-20D2-4859-8D5E-CC1445EC4E40}.Debug|Any CPU.ActiveCfg = Debug|Any CPU
		{DC10748D-20D2-4859-8D5E-CC1445EC4E40}.Debug|Any CPU.Build.0 = Debug|Any CPU
		{DC10748D-20D2-4859-8D5E-CC1445EC4E40}.Release|Any CPU.ActiveCfg = Release|Any CPU
		{DC10748D-20D2-4859-8D5E-CC1445EC4E40}.Release|Any CPU.Build.0 = Release|Any CPU
		{ACA36B69-DBA5-4B85-9F1B-91B08E5AD2F1}.Debug|Any CPU.ActiveCfg = Debug|Any CPU
		{ACA36B69-DBA5-4B85-9F1B-91B08E5AD2F1}.Debug|Any CPU.Build.0 = Debug|Any CPU
		{ACA36B69-DBA5-4B85-9F1B-91B08E5AD2F1}.Release|Any CPU.ActiveCfg = Release|Any CPU
		{ACA36B69-DBA5-4B85-9F1B-91B08E5AD2F1}.Release|Any CPU.Build.0 = Release|Any CPU
		{1C389EF4-FA1C-4CC3-830A-DBE3D1CA8BA0}.Debug|Any CPU.ActiveCfg = Debug|Any CPU
		{1C389EF4-FA1C-4CC3-830A-DBE3D1CA8BA0}.Debug|Any CPU.Build.0 = Debug|Any CPU
		{1C389EF4-FA1C-4CC3-830A-DBE3D1CA8BA0}.Release|Any CPU.ActiveCfg = Release|Any CPU
		{1C389EF4-FA1C-4CC3-830A-DBE3D1CA8BA0}.Release|Any CPU.Build.0 = Release|Any CPU
		{6A894808-D47B-413A-967A-69D6D08C74CA}.Debug|Any CPU.ActiveCfg = Debug|Any CPU
		{6A894808-D47B-413A-967A-69D6D08C74CA}.Debug|Any CPU.Build.0 = Debug|Any CPU
		{6A894808-D47B-413A-967A-69D6D08C74CA}.Release|Any CPU.ActiveCfg = Release|Any CPU
		{6A894808-D47B-413A-967A-69D6D08C74CA}.Release|Any CPU.Build.0 = Release|Any CPU
		{25E36FFA-F648-49F3-B3FB-FAAAD42BA428}.Debug|Any CPU.ActiveCfg = Debug|Any CPU
		{25E36FFA-F648-49F3-B3FB-FAAAD42BA428}.Debug|Any CPU.Build.0 = Debug|Any CPU
		{25E36FFA-F648-49F3-B3FB-FAAAD42BA428}.Release|Any CPU.ActiveCfg = Release|Any CPU
		{25E36FFA-F648-49F3-B3FB-FAAAD42BA428}.Release|Any CPU.Build.0 = Release|Any CPU
		{7BA62FE2-5C33-418E-B8AB-E7D08054C8E1}.Debug|Any CPU.ActiveCfg = Debug|Any CPU
		{7BA62FE2-5C33-418E-B8AB-E7D08054C8E1}.Debug|Any CPU.Build.0 = Debug|Any CPU
		{7BA62FE2-5C33-418E-B8AB-E7D08054C8E1}.Release|Any CPU.ActiveCfg = Release|Any CPU
		{7BA62FE2-5C33-418E-B8AB-E7D08054C8E1}.Release|Any CPU.Build.0 = Release|Any CPU
	EndGlobalSection
	GlobalSection(SolutionProperties) = preSolution
		HideSolutionNode = FALSE
	EndGlobalSection
	GlobalSection(NestedProjects) = preSolution
		{DC10748D-20D2-4859-8D5E-CC1445EC4E40} = {5E5274DD-B307-4CBA-BFAB-B0754E5157CB}
		{ACA36B69-DBA5-4B85-9F1B-91B08E5AD2F1} = {5E5274DD-B307-4CBA-BFAB-B0754E5157CB}
		{1C389EF4-FA1C-4CC3-830A-DBE3D1CA8BA0} = {5E5274DD-B307-4CBA-BFAB-B0754E5157CB}
		{6A894808-D47B-413A-967A-69D6D08C74CA} = {5E5274DD-B307-4CBA-BFAB-B0754E5157CB}
		{25E36FFA-F648-49F3-B3FB-FAAAD42BA428} = {5E5274DD-B307-4CBA-BFAB-B0754E5157CB}
		{7BA62FE2-5C33-418E-B8AB-E7D08054C8E1} = {5E5274DD-B307-4CBA-BFAB-B0754E5157CB}
	EndGlobalSection
EndGlobal
